
Microsoft Visual Studio Solution File, Format Version 12.00
# Visual Studio Version 17
VisualStudioVersion = 17.5.33516.290
MinimumVisualStudioVersion = 10.0.40219.1
Project("{FAE04EC0-301F-11D3-BF4B-00C04F79EFBC}") = "Employees.API", "Employees.API\Employees.API.csproj", "{11FA18D9-8C40-4F16-8A00-4DFE3B56AD95}"
EndProject
Global
	GlobalSection(SolutionConfigurationPlatforms) = preSolution
		Debug|Any CPU = Debug|Any CPU
		Release|Any CPU = Release|Any CPU
	EndGlobalSection
	GlobalSection(ProjectConfigurationPlatforms) = postSolution
		{11FA18D9-8C40-4F16-8A00-4DFE3B56AD95}.Debug|Any CPU.ActiveCfg = Debug|Any CPU
		{11FA18D9-8C40-4F16-8A00-4DFE3B56AD95}.Debug|Any CPU.Build.0 = Debug|Any CPU
		{11FA18D9-8C40-4F16-8A00-4DFE3B56AD95}.Release|Any CPU.ActiveCfg = Release|Any CPU
		{11FA18D9-8C40-4F16-8A00-4DFE3B56AD95}.Release|Any CPU.Build.0 = Release|Any CPU
	EndGlobalSection
	GlobalSection(SolutionProperties) = preSolution
		HideSolutionNode = FALSE
	EndGlobalSection
	GlobalSection(ExtensibilityGlobals) = postSolution
		SolutionGuid = {4B657248-6CE0-4584-A647-339204139993}
	EndGlobalSection
EndGlobal
